<?xml version="1.0" encoding="utf-8"?>
<Project ToolsVersion="4.0" xmlns="http://schemas.microsoft.com/developer/msbuild/2003">
  <ItemGroup>
    <Filter Include="Source Files">
      <UniqueIdentifier>{4FC737F1-C7A5-4376-A066-2A32D752A2FF}</UniqueIdentifier>
      <Extensions>cpp;c;cc;cxx;def;odl;idl;hpj;bat;asm;asmx</Extensions>
    </Filter>
    <Filter Include="Header Files">
      <UniqueIdentifier>{93995380-89BD-4b04-88EB-625FBE52EBFB}</UniqueIdentifier>
      <Extensions>h;hpp;hxx;hm;inl;inc;xsd</Extensions>
    </Filter>
    <Filter Include="Resource Files">
      <UniqueIdentifier>{67DA6AB6-F800-4c08-8B7A-83BB121AAD01}</UniqueIdentifier>
      <Extensions>rc;ico;cur;bmp;dlg;rc2;rct;bin;rgs;gif;jpg;jpeg;jpe;resx;tiff;tif;png;wav;mfcribbon-ms</Extensions>
    </Filter>
    <Filter Include="Source Files\Codecs">
      <UniqueIdentifier>{19a31af9-e0eb-45b6-9aca-122f78261181}</UniqueIdentifier>
    </Filter>
    <Filter Include="Source Files\Extract">
      <UniqueIdentifier>{23419c2d-4d5c-457c-a54e-4b197b1dfe40}</UniqueIdentifier>
    </Filter>
    <Filter Include="Source Files\Common">
      <UniqueIdentifier>{be42849d-4d94-4b31-98a7-b91ef4b52adc}</UniqueIdentifier>
    </Filter>
  </ItemGroup>
  <ItemGroup>
    <ClCompile Include="7zip\CPP\Common\StringConvert.cpp">
      <Filter>Source Files</Filter>
    </ClCompile>
    <ClCompile Include="7zip\CPP\7zip\UI\Console\UserInputUtils.cpp">
      <Filter>Source Files</Filter>
    </ClCompile>
    <ClCompile Include="7zip\CPP\Windows\FileName.cpp">
      <Filter>Source Files</Filter>
    </ClCompile>
    <ClCompile Include="7zip\CPP\7zip\UI\Common\LoadCodecs.cpp">
      <Filter>Source Files\Codecs</Filter>
    </ClCompile>
    <ClCompile Include="7zip\CPP\Common\MyString.cpp">
      <Filter>Source Files\Common</Filter>
    </ClCompile>
    <ClCompile Include="7zip\CPP\Common\MyVector.cpp">
      <Filter>Source Files\Common</Filter>
    </ClCompile>
    <ClCompile Include="7zip\CPP\Common\UTFConvert.cpp">
      <Filter>Source Files</Filter>
    </ClCompile>
    <ClCompile Include="7zip\CPP\Common\IntToString.cpp">
      <Filter>Source Files</Filter>
    </ClCompile>
    <ClCompile Include="7zip\CPP\7zip\UI\Common\Extract.cpp">
      <Filter>Source Files\Extract</Filter>
    </ClCompile>
    <ClCompile Include="7zip\CPP\7zip\UI\Common\ArchiveExtractCallback.cpp">
      <Filter>Source Files</Filter>
    </ClCompile>
    <ClCompile Include="7zip\CPP\Windows\FileDir.cpp">
      <Filter>Source Files</Filter>
    </ClCompile>
    <ClCompile Include="7zip\CPP\Windows\PropVariant.cpp">
      <Filter>Source Files</Filter>
    </ClCompile>
    <ClCompile Include="7zip\CPP\Windows\FileFind.cpp">
      <Filter>Source Files</Filter>
    </ClCompile>
    <ClCompile Include="7zip\CPP\Windows\FileIO.cpp">
      <Filter>Source Files</Filter>
    </ClCompile>
    <ClCompile Include="7zip\CPP\7zip\Common\FileStreams.cpp">
      <Filter>Source Files</Filter>
    </ClCompile>
    <ClCompile Include="7zip\CPP\7zip\UI\Common\OpenArchive.cpp">
      <Filter>Source Files\Extract</Filter>
    </ClCompile>
    <ClCompile Include="7zip\CPP\7zip\UI\Common\ArchiveOpenCallback.cpp">
      <Filter>Source Files</Filter>
    </ClCompile>
    <ClCompile Include="7zip\CPP\7zip\Archive\Common\OutStreamWithCRC.cpp">
      <Filter>Source Files</Filter>
    </ClCompile>
    <ClCompile Include="7zip\C\7zCrc.c">
      <Filter>Source Files</Filter>
    </ClCompile>
    <ClCompile Include="7zip\C\7zCrcOpt.c">
      <Filter>Source Files</Filter>
    </ClCompile>
    <ClCompile Include="7zip\C\CpuArch.c">
      <Filter>Source Files</Filter>
    </ClCompile>
    <ClCompile Include="7zip\CPP\7zip\UI\Common\ExtractingFilePath.cpp">
      <Filter>Source Files</Filter>
    </ClCompile>
    <ClCompile Include="7zip\CPP\7zip\Common\ProgressUtils.cpp">
      <Filter>Source Files</Filter>
    </ClCompile>
    <ClCompile Include="7zip\CPP\7zip\Common\FilePathAutoRename.cpp">
      <Filter>Source Files\Common</Filter>
    </ClCompile>
    <ClCompile Include="7zip\CPP\7zip\UI\Common\DefaultName.cpp">
      <Filter>Source Files</Filter>
    </ClCompile>
    <ClCompile Include="7zip\CPP\7zip\Common\StreamUtils.cpp">
      <Filter>Source Files</Filter>
    </ClCompile>
    <ClCompile Include="7zip\CPP\7zip\UI\Common\SetProperties.cpp">
      <Filter>Source Files</Filter>
    </ClCompile>
    <ClCompile Include="7zip\CPP\Common\StringToInt.cpp">
      <Filter>Source Files\Common</Filter>
    </ClCompile>
    <ClCompile Include="7zip\CPP\Common\Wildcard.cpp">
      <Filter>Source Files</Filter>
    </ClCompile>
    <ClCompile Include="7zip\CPP\7zip\Archive\7z\7zHandler.cpp">
      <Filter>Source Files\Codecs</Filter>
    </ClCompile>
    <ClCompile Include="7zip\CPP\7zip\Archive\7z\7zExtract.cpp">
      <Filter>Source Files\Codecs</Filter>
    </ClCompile>
    <ClCompile Include="7zip\CPP\7zip\Archive\7z\7zIn.cpp">
      <Filter>Source Files\Codecs</Filter>
    </ClCompile>
    <ClCompile Include="7zip\CPP\7zip\Archive\7z\7zDecode.cpp">
      <Filter>Source Files\Codecs</Filter>
    </ClCompile>
    <ClCompile Include="7zip\CPP\7zip\Common\StreamBinder.cpp">
      <Filter>Source Files\Codecs</Filter>
    </ClCompile>
    <ClCompile Include="7zip\C\Threads.c">
      <Filter>Source Files\Common</Filter>
    </ClCompile>
    <ClCompile Include="7zip\CPP\7zip\Common\VirtThread.cpp">
      <Filter>Source Files\Common</Filter>
    </ClCompile>
    <ClCompile Include="7zip\CPP\7zip\Common\CreateCoder.cpp">
      <Filter>Source Files\Codecs</Filter>
    </ClCompile>
    <ClCompile Include="7zip\CPP\7zip\Archive\Common\ItemNameUtils.cpp">
      <Filter>Source Files\Codecs</Filter>
    </ClCompile>
    <ClCompile Include="7zip\CPP\7zip\Common\StreamObjects.cpp">
      <Filter>Source Files\Common</Filter>
    </ClCompile>
    <ClCompile Include="7zip\C\Alloc.c">
      <Filter>Source Files\Common</Filter>
    </ClCompile>
    <ClCompile Include="7zip\CPP\7zip\Common\LimitedStreams.cpp">
      <Filter>Source Files\Codecs</Filter>
    </ClCompile>
    <ClCompile Include="7zip\CPP\7zip\Common\LockedStream.cpp">
      <Filter>Source Files\Codecs</Filter>
    </ClCompile>
    <ClCompile Include="7zip\CPP\7zip\Common\FilterCoder.cpp">
      <Filter>Source Files\Codecs</Filter>
    </ClCompile>
    <ClCompile Include="7zip\CPP\7zip\Archive\Common\CoderMixer2.cpp">
      <Filter>Source Files\Codecs</Filter>
    </ClCompile>
    <ClCompile Include="7zip\CPP\7zip\Archive\7z\7zHeader.cpp">
      <Filter>Source Files\Codecs</Filter>
    </ClCompile>
    <ClCompile Include="7zip\CPP\Windows\System.cpp">
      <Filter>Source Files\Common</Filter>
    </ClCompile>
    <ClCompile Include="7zip\CPP\7zip\Archive\Common\ParseProperties.cpp">
      <Filter>Source Files\Common</Filter>
    </ClCompile>
    <ClCompile Include="7zip\CPP\7zip\Common\MethodId.cpp">
      <Filter>Source Files\Common</Filter>
    </ClCompile>
    <ClCompile Include="7zip\CPP\7zip\Compress\PpmdDecoder.cpp">
      <Filter>Source Files\Codecs</Filter>
    </ClCompile>
    <ClCompile Include="7zip\CPP\7zip\Common\CWrappers.cpp">
      <Filter>Source Files\Common</Filter>
    </ClCompile>
    <ClCompile Include="7zip\CPP\7zip\Compress\DeflateDecoder.cpp">
      <Filter>Source Files\Codecs</Filter>
    </ClCompile>
    <ClCompile Include="7zip\CPP\7zip\Compress\Bcj2Coder.cpp">
      <Filter>Source Files\Codecs</Filter>
    </ClCompile>
    <ClCompile Include="7zip\CPP\7zip\Compress\BcjCoder.cpp">
      <Filter>Source Files\Codecs</Filter>
    </ClCompile>
    <ClCompile Include="7zip\C\Delta.c">
      <Filter>Source Files\Codecs</Filter>
    </ClCompile>
    <ClCompile Include="7zip\C\Ppmd7.c">
      <Filter>Source Files\Codecs</Filter>
    </ClCompile>
    <ClCompile Include="7zip\C\Bra.c">
      <Filter>Source Files\Codecs</Filter>
    </ClCompile>
    <ClCompile Include="7zip\C\Bra86.c">
      <Filter>Source Files\Codecs</Filter>
    </ClCompile>
    <ClCompile Include="7zip\C\BraIA64.c">
      <Filter>Source Files\Codecs</Filter>
    </ClCompile>
    <ClCompile Include="7zip\C\Ppmd7Dec.c">
      <Filter>Source Files\Codecs</Filter>
    </ClCompile>
    <ClCompile Include="7zip\CPP\7zip\Compress\LzOutWindow.cpp">
      <Filter>Source Files\Codecs</Filter>
    </ClCompile>
    <ClCompile Include="7zip\CPP\7zip\Common\OutBuffer.cpp">
      <Filter>Source Files\Common</Filter>
    </ClCompile>
    <ClCompile Include="7zip\CPP\7zip\Compress\BranchMisc.cpp">
      <Filter>Source Files\Codecs</Filter>
    </ClCompile>
    <ClCompile Include="7zip\CPP\7zip\Compress\CopyCoder.cpp">
      <Filter>Source Files\Codecs</Filter>
    </ClCompile>
    <ClCompile Include="7zip\CPP\7zip\Compress\BZip2Decoder.cpp">
      <Filter>Source Files\Codecs</Filter>
    </ClCompile>
    <ClCompile Include="7zip\CPP\7zip\Common\InBuffer.cpp">
      <Filter>Source Files\Common</Filter>
    </ClCompile>
    <ClCompile Include="7zip\CPP\7zip\Compress\BZip2Crc.cpp">
      <Filter>Source Files\Codecs</Filter>
    </ClCompile>
    <ClCompile Include="7zip\CPP\7zip\Compress\BitlDecoder.cpp">
      <Filter>Source Files\Codecs</Filter>
    </ClCompile>
    <ClCompile Include="7zip\CPP\7zip\Compress\Lzma2Decoder.cpp">
      <Filter>Source Files\Codecs</Filter>
    </ClCompile>
    <ClCompile Include="7zip\CPP\7zip\Compress\LzmaDecoder.cpp">
      <Filter>Source Files\Codecs</Filter>
    </ClCompile>
    <ClCompile Include="7zip\C\Lzma2Dec.c">
      <Filter>Source Files\Codecs</Filter>
    </ClCompile>
    <ClCompile Include="7zip\C\LzmaDec.c">
      <Filter>Source Files\Codecs</Filter>
    </ClCompile>
    <ClCompile Include="7zip\CPP\7zip\UI\Console\ConsoleClose.cpp">
      <Filter>Source Files\Common</Filter>
    </ClCompile>
    <ClCompile Include="7zip\CPP\7zip\Common\MethodProps.cpp">
      <Filter>Source Files\Common</Filter>
    </ClCompile>
    <ClCompile Include="7zip\CPP\Windows\ErrorMsg.cpp">
      <Filter>Source Files</Filter>
    </ClCompile>
    <ClCompile Include="7zip\CPP\7zip\Common\PropId.cpp">
      <Filter>Source Files</Filter>
    </ClCompile>
    <ClCompile Include="7zip\CPP\Windows\FileLink.cpp">
      <Filter>Source Files</Filter>
    </ClCompile>
    <ClCompile Include="7zip\CPP\7zip\UI\Common\PropIDUtils.cpp">
      <Filter>Source Files</Filter>
    </ClCompile>
    <ClCompile Include="7zip\CPP\Windows\PropVariantConv.cpp">
      <Filter>Source Files</Filter>
    </ClCompile>
    <ClCompile Include="7zip\C\Bcj2.c">
      <Filter>Source Files\Codecs</Filter>
    </ClCompile>
    <ClCompile Include="7zip\CPP\7zip\UI\Console\ConsoleClose.cpp">
      <Filter>Source Files\Common</Filter>
    </ClCompile>
  </ItemGroup>
</Project>