<?xml version="1.0" encoding="utf-8"?>
<Project ToolsVersion="4.0" xmlns="http://schemas.microsoft.com/developer/msbuild/2003">
  <ItemGroup>
    <Filter Include="Source Files">
      <UniqueIdentifier>{4FC737F1-C7A5-4376-A066-2A32D752A2FF}</UniqueIdentifier>
      <Extensions>cpp;c;cc;cxx;def;odl;idl;hpj;bat;asm;asmx</Extensions>
    </Filter>
    <Filter Include="Header Files">
      <UniqueIdentifier>{93995380-89BD-4b04-88EB-625FBE52EBFB}</UniqueIdentifier>
      <Extensions>h;hpp;hxx;hm;inl;inc;xsd</Extensions>
    </Filter>
    <Filter Include="Resource Files">
      <UniqueIdentifier>{67DA6AB6-F800-4c08-8B7A-83BB121AAD01}</UniqueIdentifier>
      <Extensions>rc;ico;cur;bmp;dlg;rc2;rct;bin;rgs;gif;jpg;jpeg;jpe;resx;tiff;tif;png;wav;mfcribbon-ms</Extensions>
    </Filter>
    <Filter Include="Source Files\CodecRegister">
      <UniqueIdentifier>{6936a96c-461d-4f99-9696-440087b75941}</UniqueIdentifier>
    </Filter>
    <Filter Include="support">
      <UniqueIdentifier>{3f8ef7d6-0b4c-4735-ba3e-5a21abf58669}</UniqueIdentifier>
    </Filter>
    <Filter Include="support\printf_impl">
      <UniqueIdentifier>{2a4dc7a4-779a-468d-ae26-1da561c916c4}</UniqueIdentifier>
    </Filter>
    <Filter Include="burn-pipe">
      <UniqueIdentifier>{172366f1-10e4-4898-ba69-3e1c3f791e2c}</UniqueIdentifier>
    </Filter>
  </ItemGroup>
  <ItemGroup>
    <ClCompile Include="main.cpp">
      <Filter>Source Files</Filter>
    </ClCompile>
    <ClCompile Include="ArgsHelper.cpp">
      <Filter>Source Files</Filter>
    </ClCompile>
    <ClCompile Include="Extract.cpp">
      <Filter>Source Files</Filter>
    </ClCompile>
    <ClCompile Include="ExtractCallback.cpp">
      <Filter>Source Files</Filter>
    </ClCompile>
    <ClCompile Include="InstalledFiles.cpp">
      <Filter>Source Files</Filter>
    </ClCompile>
    <ClCompile Include="Paths.cpp">
      <Filter>Source Files</Filter>
    </ClCompile>
    <ClCompile Include="Registry.cpp">
      <Filter>Source Files</Filter>
    </ClCompile>
    <ClCompile Include="Error.cpp">
      <Filter>Source Files</Filter>
    </ClCompile>
    <ClCompile Include="7zip\CPP\7zip\Archive\7z\7zRegister.cpp">
      <Filter>Source Files\CodecRegister</Filter>
    </ClCompile>
    <ClCompile Include="7zip\CPP\7zip\Compress\Bcj2Register.cpp">
      <Filter>Source Files\CodecRegister</Filter>
    </ClCompile>
    <ClCompile Include="7zip\CPP\7zip\Compress\BcjRegister.cpp">
      <Filter>Source Files\CodecRegister</Filter>
    </ClCompile>
    <ClCompile Include="7zip\CPP\7zip\Compress\CopyRegister.cpp">
      <Filter>Source Files\CodecRegister</Filter>
    </ClCompile>
    <ClCompile Include="7zip\CPP\7zip\Compress\Lzma2Register.cpp">
      <Filter>Source Files\CodecRegister</Filter>
    </ClCompile>
    <ClCompile Include="7zip\CPP\7zip\Compress\LzmaRegister.cpp">
      <Filter>Source Files\CodecRegister</Filter>
    </ClCompile>
    <ClCompile Include="7zip\CPP\7zip\Compress\PpmdRegister.cpp">
      <Filter>Source Files\CodecRegister</Filter>
    </ClCompile>
    <ClCompile Include="CommonArgs.cpp">
      <Filter>Source Files</Filter>
    </ClCompile>
    <ClCompile Include="GUID.cpp">
      <Filter>Source Files</Filter>
    </ClCompile>
    <ClCompile Include="support\printf.cpp">
      <Filter>support</Filter>
    </ClCompile>
    <ClCompile Include="support\stdio_dummies.cpp">
      <Filter>support</Filter>
    </ClCompile>
    <ClCompile Include="OpenCallback.cpp">
      <Filter>Source Files</Filter>
    </ClCompile>
    <ClCompile Include="7zip\CPP\7zip\Compress\BranchRegister.cpp">
      <Filter>Source Files\CodecRegister</Filter>
    </ClCompile>
    <ClCompile Include="7zip\CPP\7zip\Compress\DeltaFilter.cpp">
      <Filter>Source Files\CodecRegister</Filter>
    </ClCompile>
    <ClCompile Include="RegistryLocations.cpp">
      <Filter>Source Files</Filter>
    </ClCompile>
    <ClCompile Include="LogFile.cpp">
      <Filter>Source Files</Filter>
    </ClCompile>
    <ClCompile Include="support\undname.cpp">
      <Filter>support</Filter>
    </ClCompile>
    <ClCompile Include="IsSFX.cpp">
      <Filter>Source Files</Filter>
    </ClCompile>
    <ClCompile Include="support\argv_wildcards.cpp">
      <Filter>support</Filter>
    </ClCompile>
    <ClCompile Include="support\memory.cpp">
      <Filter>support</Filter>
    </ClCompile>
    <ClCompile Include="InstallRemove.cpp">
      <Filter>Source Files</Filter>
    </ClCompile>
    <ClCompile Include="support\str_func.cpp">
      <Filter>support</Filter>
    </ClCompile>
    <ClCompile Include="support\strnlen.cpp">
      <Filter>support</Filter>
    </ClCompile>
    <ClCompile Include="MulDiv64.cpp">
      <Filter>Source Files</Filter>
    </ClCompile>
    <ClCompile Include="ProgressReporter.cpp">
      <Filter>Source Files</Filter>
    </ClCompile>
    <ClCompile Include="burn-pipe\pipe.cpp">
      <Filter>burn-pipe</Filter>
    </ClCompile>
    <ClCompile Include="burn-pipe\memutil.cpp">
      <Filter>burn-pipe</Filter>
    </ClCompile>
    <ClCompile Include="burn-pipe\dutil.cpp">
      <Filter>burn-pipe</Filter>
    </ClCompile>
    <ClCompile Include="burn-pipe\strutil.cpp">
      <Filter>burn-pipe</Filter>
    </ClCompile>
    <ClCompile Include="burn-pipe\buffutil.cpp">
      <Filter>burn-pipe</Filter>
    </ClCompile>
    <ClCompile Include="burn-pipe\logutil.cpp">
      <Filter>burn-pipe</Filter>
    </ClCompile>
    <ClCompile Include="BurnPipe.cpp">
      <Filter>Source Files</Filter>
    </ClCompile>
    <ClCompile Include="support\wcscmp.cpp">
      <Filter>support</Filter>
    </ClCompile>
    <ClCompile Include="support\syserror.cpp">
      <Filter>support</Filter>
    </ClCompile>
    <ClCompile Include="support\environment_initialization_dummies.cpp">
      <Filter>support</Filter>
    </ClCompile>
    <ClCompile Include="support\downlevel_locale.cpp">
      <Filter>support</Filter>
    </ClCompile>
  </ItemGroup>
  <ItemGroup>
    <ClInclude Include="ArgsHelper.hpp">
      <Filter>Header Files</Filter>
    </ClInclude>
    <ClInclude Include="ExitCode.hpp">
      <Filter>Header Files</Filter>
    </ClInclude>
    <ClInclude Include="Install.hpp">
      <Filter>Header Files</Filter>
    </ClInclude>
    <ClInclude Include="Extract.hpp">
      <Filter>Header Files</Filter>
    </ClInclude>
    <ClInclude Include="ExtractCallback.hpp">
      <Filter>Header Files</Filter>
    </ClInclude>
    <ClInclude Include="InstalledFiles.hpp">
      <Filter>Header Files</Filter>
    </ClInclude>
    <ClInclude Include="Paths.hpp">
      <Filter>Header Files</Filter>
    </ClInclude>
    <ClInclude Include="Registry.hpp">
      <Filter>Header Files</Filter>
    </ClInclude>
    <ClInclude Include="Remove.hpp">
      <Filter>Header Files</Filter>
    </ClInclude>
    <ClInclude Include="Error.hpp">
      <Filter>Header Files</Filter>
    </ClInclude>
    <ClInclude Include="Repair.hpp">
      <Filter>Header Files</Filter>
    </ClInclude>
    <ClInclude Include="CommonArgs.hpp">
      <Filter>Header Files</Filter>
    </ClInclude>
    <ClInclude Include="GUID.hpp">
      <Filter>Header Files</Filter>
    </ClInclude>
    <ClInclude Include="support\printf_impl\Sink.hpp">
      <Filter>support\printf_impl</Filter>
    </ClInclude>
    <ClInclude Include="support\printf_impl\parsers.hpp">
      <Filter>support\printf_impl</Filter>
    </ClInclude>
    <ClInclude Include="support\printf_impl\CharBufferSink.hpp">
      <Filter>support\printf_impl</Filter>
    </ClInclude>
    <ClInclude Include="support\printf_impl\FileSink.hpp">
      <Filter>support\printf_impl</Filter>
    </ClInclude>
    <ClInclude Include="support\printf_impl\print.hpp">
      <Filter>support\printf_impl</Filter>
    </ClInclude>
    <ClInclude Include="support\printf_impl\printer.hpp">
      <Filter>support\printf_impl</Filter>
    </ClInclude>
    <ClInclude Include="support\printf_impl\WCharBufferSink.hpp">
      <Filter>support\printf_impl</Filter>
    </ClInclude>
    <ClInclude Include="support\printf_impl\HandleSink.hpp">
      <Filter>support\printf_impl</Filter>
    </ClInclude>
    <ClInclude Include="RegistryLocations.hpp">
      <Filter>Header Files</Filter>
    </ClInclude>
    <ClInclude Include="InstallScope.hpp">
      <Filter>Header Files</Filter>
    </ClInclude>
    <ClInclude Include="LogFile.hpp">
      <Filter>Header Files</Filter>
    </ClInclude>
    <ClInclude Include="MyUString.hpp">
      <Filter>Header Files</Filter>
    </ClInclude>
    <ClInclude Include="IsSFX.hpp">
      <Filter>Source Files</Filter>
    </ClInclude>
    <ClInclude Include="InstallRemove.hpp">
      <Filter>Source Files</Filter>
    </ClInclude>
    <ClInclude Include="ProgressReporter.hpp">
      <Filter>Header Files</Filter>
    </ClInclude>
    <ClInclude Include="MulDiv64.hpp">
      <Filter>Header Files</Filter>
    </ClInclude>
    <ClInclude Include="burn-pipe\pipe.h">
      <Filter>burn-pipe</Filter>
    </ClInclude>
    <ClInclude Include="burn-pipe\precomp.h">
      <Filter>burn-pipe</Filter>
    </ClInclude>
    <ClInclude Include="burn-pipe\buffutil.h">
      <Filter>burn-pipe</Filter>
    </ClInclude>
    <ClInclude Include="burn-pipe\dutil.h">
      <Filter>burn-pipe</Filter>
    </ClInclude>
    <ClInclude Include="burn-pipe\fileutil.h">
      <Filter>burn-pipe</Filter>
    </ClInclude>
    <ClInclude Include="burn-pipe\logutil.h">
      <Filter>burn-pipe</Filter>
    </ClInclude>
    <ClInclude Include="burn-pipe\memutil.h">
      <Filter>burn-pipe</Filter>
    </ClInclude>
    <ClInclude Include="burn-pipe\strutil.h">
      <Filter>burn-pipe</Filter>
    </ClInclude>
    <ClInclude Include="burn-pipe\regutil.h">
      <Filter>burn-pipe</Filter>
    </ClInclude>
    <ClInclude Include="BurnPipe.hpp">
      <Filter>Header Files</Filter>
    </ClInclude>
  </ItemGroup>
  <ItemGroup>
    <CustomBuild Include="libucrt_reduced.txt" />
    <CustomBuild Include="libvcruntime_reduced.txt" />
    <CustomBuild Include="libcpmt_reduced.txt" />
  </ItemGroup>
  <ItemGroup>
    <None Include="packages.config" />
  </ItemGroup>
</Project>